
Microsoft Visual Studio Solution File, Format Version 12.00
# Visual Studio Version 16
VisualStudioVersion = 16.0.30804.86
MinimumVisualStudioVersion = 10.0.40219.1
Project("{FAE04EC0-301F-11D3-BF4B-00C04F79EFBC}") = "PRegisterÖvning1", "PRegister\PRegisterÖvning1.csproj", "{4A7E3021-ED25-44EC-96F9-6BC7A58F6B88}"
EndProject
Project("{FAE04EC0-301F-11D3-BF4B-00C04F79EFBC}") = "OOP", "OOP\OOP.csproj", "{950C73CA-ECA3-4220-B600-C335DC3E26CD}"
EndProject
Global
	GlobalSection(SolutionConfigurationPlatforms) = preSolution
		Debug|Any CPU = Debug|Any CPU
		Release|Any CPU = Release|Any CPU
	EndGlobalSection
	GlobalSection(ProjectConfigurationPlatforms) = postSolution
		{4A7E3021-ED25-44EC-96F9-6BC7A58F6B88}.Debug|Any CPU.ActiveCfg = Debug|Any CPU
		{4A7E3021-ED25-44EC-96F9-6BC7A58F6B88}.Debug|Any CPU.Build.0 = Debug|Any CPU
		{4A7E3021-ED25-44EC-96F9-6BC7A58F6B88}.Release|Any CPU.ActiveCfg = Release|Any CPU
		{4A7E3021-ED25-44EC-96F9-6BC7A58F6B88}.Release|Any CPU.Build.0 = Release|Any CPU
		{950C73CA-ECA3-4220-B600-C335DC3E26CD}.Debug|Any CPU.ActiveCfg = Debug|Any CPU
		{950C73CA-ECA3-4220-B600-C335DC3E26CD}.Debug|Any CPU.Build.0 = Debug|Any CPU
		{950C73CA-ECA3-4220-B600-C335DC3E26CD}.Release|Any CPU.ActiveCfg = Release|Any CPU
		{950C73CA-ECA3-4220-B600-C335DC3E26CD}.Release|Any CPU.Build.0 = Release|Any CPU
	EndGlobalSection
	GlobalSection(SolutionProperties) = preSolution
		HideSolutionNode = FALSE
	EndGlobalSection
	GlobalSection(ExtensibilityGlobals) = postSolution
		SolutionGuid = {A8895D9C-B043-4FCF-B2D2-398C5C5F2FA7}
	EndGlobalSection
EndGlobal
